
Microsoft Visual Studio Solution File, Format Version 12.00
# Visual Studio Version 16
VisualStudioVersion = 16.0.31515.178
MinimumVisualStudioVersion = 10.0.40219.1
Project("{9A19103F-16F7-4668-BE54-9A1E7A4F7556}") = "SR_MVC", "SR_MVC.csproj", "{8FA86101-A336-4DB6-8709-7A335E9D7CB0}"
EndProject
Project("{2150E333-8FDC-42A3-9474-1A3956D46DE8}") = "01 Models", "01 Models", "{7279BB80-2846-49BA-B670-9903315DDB21}"
EndProject
Project("{2150E333-8FDC-42A3-9474-1A3956D46DE8}") = "02 MVC", "02 MVC", "{21613CA3-D597-4EF1-BBCD-F1D4FF7CADB7}"
EndProject
Project("{2150E333-8FDC-42A3-9474-1A3956D46DE8}") = "03 DB", "03 DB", "{9C7340A3-F422-479D-9E3C-DD61F11ABEE5}"
EndProject
Project("{2150E333-8FDC-42A3-9474-1A3956D46DE8}") = "SR_BLL", "SR_BLL", "{FECE020B-5DE8-4D0F-A57E-414543CB27CF}"
EndProject
Project("{9A19103F-16F7-4668-BE54-9A1E7A4F7556}") = "SR_BLL", "..\SR_BLL\SR_BLL.csproj", "{26269696-AE3F-49C9-B210-6F3187F45039}"
EndProject
Project("{00D1A9C2-B5F0-4AF3-8072-F6C62B433612}") = "SR_DB", "..\SR_DB\SR_DB.sqlproj", "{1C25CCE7-F312-4271-81EE-79C9F27EAF91}"
EndProject
Project("{2150E333-8FDC-42A3-9474-1A3956D46DE8}") = "SR_DAL", "SR_DAL", "{619A7A67-CC52-4A49-9AE8-2586FC63D232}"
EndProject
Project("{9A19103F-16F7-4668-BE54-9A1E7A4F7556}") = "SR_DAL", "..\SR_DAL\SR_DAL.csproj", "{7AB0D19D-5565-4B87-A398-0AE67115775C}"
EndProject
Global
	GlobalSection(SolutionConfigurationPlatforms) = preSolution
		Debug|Any CPU = Debug|Any CPU
		Release|Any CPU = Release|Any CPU
	EndGlobalSection
	GlobalSection(ProjectConfigurationPlatforms) = postSolution
		{8FA86101-A336-4DB6-8709-7A335E9D7CB0}.Debug|Any CPU.ActiveCfg = Debug|Any CPU
		{8FA86101-A336-4DB6-8709-7A335E9D7CB0}.Debug|Any CPU.Build.0 = Debug|Any CPU
		{8FA86101-A336-4DB6-8709-7A335E9D7CB0}.Release|Any CPU.ActiveCfg = Release|Any CPU
		{8FA86101-A336-4DB6-8709-7A335E9D7CB0}.Release|Any CPU.Build.0 = Release|Any CPU
		{26269696-AE3F-49C9-B210-6F3187F45039}.Debug|Any CPU.ActiveCfg = Debug|Any CPU
		{26269696-AE3F-49C9-B210-6F3187F45039}.Debug|Any CPU.Build.0 = Debug|Any CPU
		{26269696-AE3F-49C9-B210-6F3187F45039}.Release|Any CPU.ActiveCfg = Release|Any CPU
		{26269696-AE3F-49C9-B210-6F3187F45039}.Release|Any CPU.Build.0 = Release|Any CPU
		{1C25CCE7-F312-4271-81EE-79C9F27EAF91}.Debug|Any CPU.ActiveCfg = Debug|Any CPU
		{1C25CCE7-F312-4271-81EE-79C9F27EAF91}.Debug|Any CPU.Build.0 = Debug|Any CPU
		{1C25CCE7-F312-4271-81EE-79C9F27EAF91}.Debug|Any CPU.Deploy.0 = Debug|Any CPU
		{1C25CCE7-F312-4271-81EE-79C9F27EAF91}.Release|Any CPU.ActiveCfg = Release|Any CPU
		{1C25CCE7-F312-4271-81EE-79C9F27EAF91}.Release|Any CPU.Build.0 = Release|Any CPU
		{1C25CCE7-F312-4271-81EE-79C9F27EAF91}.Release|Any CPU.Deploy.0 = Release|Any CPU
		{7AB0D19D-5565-4B87-A398-0AE67115775C}.Debug|Any CPU.ActiveCfg = Debug|Any CPU
		{7AB0D19D-5565-4B87-A398-0AE67115775C}.Debug|Any CPU.Build.0 = Debug|Any CPU
		{7AB0D19D-5565-4B87-A398-0AE67115775C}.Release|Any CPU.ActiveCfg = Release|Any CPU
		{7AB0D19D-5565-4B87-A398-0AE67115775C}.Release|Any CPU.Build.0 = Release|Any CPU
	EndGlobalSection
	GlobalSection(SolutionProperties) = preSolution
		HideSolutionNode = FALSE
	EndGlobalSection
	GlobalSection(NestedProjects) = preSolution
		{8FA86101-A336-4DB6-8709-7A335E9D7CB0} = {21613CA3-D597-4EF1-BBCD-F1D4FF7CADB7}
		{FECE020B-5DE8-4D0F-A57E-414543CB27CF} = {7279BB80-2846-49BA-B670-9903315DDB21}
		{26269696-AE3F-49C9-B210-6F3187F45039} = {FECE020B-5DE8-4D0F-A57E-414543CB27CF}
		{1C25CCE7-F312-4271-81EE-79C9F27EAF91} = {9C7340A3-F422-479D-9E3C-DD61F11ABEE5}
		{619A7A67-CC52-4A49-9AE8-2586FC63D232} = {7279BB80-2846-49BA-B670-9903315DDB21}
		{7AB0D19D-5565-4B87-A398-0AE67115775C} = {619A7A67-CC52-4A49-9AE8-2586FC63D232}
	EndGlobalSection
	GlobalSection(ExtensibilityGlobals) = postSolution
		SolutionGuid = {A857970F-A3DA-49F8-8EFB-41844FA843A3}
	EndGlobalSection
EndGlobal
